{
  "requires": true,
  "lockfileVersion": 1,
  "dependencies": {
    "reframe.js": {
      "version": "2.2.5",
      "resolved": "https://registry.npmjs.org/reframe.js/-/reframe.js-2.2.5.tgz",
      "integrity": "sha512-xYiBMcTV+7p3HdZAa/UCutP9vr7n76eGyz2fo3rd03Y9pcE3VPBeCNE2WxI3Cx3Ag14CabfNUUq3OA1hr0k5PQ==",
      "dev": true
    }
  }
}
